
Microsoft Visual Studio Solution File, Format Version 12.00
# Visual Studio 15
VisualStudioVersion = 15.0.28010.2036
MinimumVisualStudioVersion = 10.0.40219.1
Project("{8BC9CEB8-8B4A-11D0-8D11-00A0C91BC942}") = "open-mat", "open-mat.vcxproj", "{AF695F21-2B7F-4C40-A3C3-8456D466129F}"
EndProject
Global
	GlobalSection(SolutionConfigurationPlatforms) = preSolution
		Debug|x64 = Debug|x64
		Debug|x86 = Debug|x86
		Release|x64 = Release|x64
		Release|x86 = Release|x86
	EndGlobalSection
	GlobalSection(ProjectConfigurationPlatforms) = postSolution
		{AF695F21-2B7F-4C40-A3C3-8456D466129F}.Debug|x64.ActiveCfg = Debug|x64
		{AF695F21-2B7F-4C40-A3C3-8456D466129F}.Debug|x64.Build.0 = Debug|x64
		{AF695F21-2B7F-4C40-A3C3-8456D466129F}.Debug|x86.ActiveCfg = Debug|Win32
		{AF695F21-2B7F-4C40-A3C3-8456D466129F}.Debug|x86.Build.0 = Debug|Win32
		{AF695F21-2B7F-4C40-A3C3-8456D466129F}.Release|x64.ActiveCfg = Release|x64
		{AF695F21-2B7F-4C40-A3C3-8456D466129F}.Release|x64.Build.0 = Release|x64
		{AF695F21-2B7F-4C40-A3C3-8456D466129F}.Release|x86.ActiveCfg = Release|Win32
		{AF695F21-2B7F-4C40-A3C3-8456D466129F}.Release|x86.Build.0 = Release|Win32
	EndGlobalSection
	GlobalSection(SolutionProperties) = preSolution
		HideSolutionNode = FALSE
	EndGlobalSection
	GlobalSection(ExtensibilityGlobals) = postSolution
		SolutionGuid = {C9E32C92-0F51-44CB-8BAC-E588ECD2344B}
	EndGlobalSection
EndGlobal
